// !$*UTF8*$!
{
	archiveVersion = 1;
	classes = {
	};
	objectVersion = 46;
	objects = {

/* Begin PBXBuildFile section */
		0358E789E2D5087474B12B8E /* Pods_123Bay.framework in Frameworks */ = {isa = PBXBuildFile; fileRef = A281E8DC8F6BC61F9ED191EF /* Pods_123Bay.framework */; };
		04F7CF2B1EF66CD60005859C /* AppDelegate.swift in Sources */ = {isa = PBXBuildFile; fileRef = 04F7CF2A1EF66CD60005859C /* AppDelegate.swift */; };
		04F7CF2D1EF66CD60005859C /* ViewController.swift in Sources */ = {isa = PBXBuildFile; fileRef = 04F7CF2C1EF66CD60005859C /* ViewController.swift */; };
		04F7CF301EF66CD60005859C /* Main.storyboard in Resources */ = {isa = PBXBuildFile; fileRef = 04F7CF2E1EF66CD60005859C /* Main.storyboard */; };
		04F7CF321EF66CD60005859C /* Assets.xcassets in Resources */ = {isa = PBXBuildFile; fileRef = 04F7CF311EF66CD60005859C /* Assets.xcassets */; };
		04F7CF351EF66CD60005859C /* LaunchScreen.storyboard in Resources */ = {isa = PBXBuildFile; fileRef = 04F7CF331EF66CD60005859C /* LaunchScreen.storyboard */; };
/* End PBXBuildFile section */

/* Begin PBXFileReference section */
		04F7CF271EF66CD60005859C /* 123Bay.app */ = {isa = PBXFileReference; explicitFileType = wrapper.application; includeInIndex = 0; path = 123Bay.app; sourceTree = BUILT_PRODUCTS_DIR; };
		04F7CF2A1EF66CD60005859C /* AppDelegate.swift */ = {isa = PBXFileReference; lastKnownFileType = sourcecode.swift; path = AppDelegate.swift; sourceTree = "<group>"; };
		04F7CF2C1EF66CD60005859C /* ViewController.swift */ = {isa = PBXFileReference; lastKnownFileType = sourcecode.swift; path = ViewController.swift; sourceTree = "<group>"; };
		04F7CF2F1EF66CD60005859C /* Base */ = {isa = PBXFileReference; lastKnownFileType = file.storyboard; name = Base; path = Base.lproj/Main.storyboard; sourceTree = "<group>"; };
		04F7CF311EF66CD60005859C /* Assets.xcassets */ = {isa = PBXFileReference; lastKnownFileType = folder.assetcatalog; path = Assets.xcassets; sourceTree = "<group>"; };
		04F7CF341EF66CD60005859C /* Base */ = {isa = PBXFileReference; lastKnownFileType = file.storyboard; name = Base; path = Base.lproj/LaunchScreen.storyboard; sourceTree = "<group>"; };
		04F7CF361EF66CD60005859C /* Info.plist */ = {isa = PBXFileReference; lastKnownFileType = text.plist.xml; path = Info.plist; sourceTree = "<group>"; };
		3412B6B552F94D82A2FBC98A /* Pods-123Bay.debug.xcconfig */ = {isa = PBXFileReference; includeInIndex = 1; lastKnownFileType = text.xcconfig; name = "Pods-123Bay.debug.xcconfig"; path = "Pods/Target Support Files/Pods-123Bay/Pods-123Bay.debug.xcconfig"; sourceTree = "<group>"; };
		A281E8DC8F6BC61F9ED191EF /* Pods_123Bay.framework */ = {isa = PBXFileReference; explicitFileType = wrapper.framework; includeInIndex = 0; path = Pods_123Bay.framework; sourceTree = BUILT_PRODUCTS_DIR; };
		D4C76ADEBF6D3B210D89DF6A /* Pods-123Bay.release.xcconfig */ = {isa = PBXFileReference; includeInIndex = 1; lastKnownFileType = text.xcconfig; name = "Pods-123Bay.release.xcconfig"; path = "Pods/Target Support Files/Pods-123Bay/Pods-123Bay.release.xcconfig"; sourceTree = "<group>"; };
/* End PBXFileReference section */

/* Begin PBXFrameworksBuildPhase section */
		04F7CF241EF66CD60005859C /* Frameworks */ = {
			isa = PBXFrameworksBuildPhase;
			buildActionMask = 2147483647;
			files = (
				0358E789E2D5087474B12B8E /* Pods_123Bay.framework in Frameworks */,
			);
			runOnlyForDeploymentPostprocessing = 0;
		};
/* End PBXFrameworksBuildPhase section */

/* Begin PBXGroup section */
		04F7CF1E1EF66CD60005859C = {
			isa = PBXGroup;
			children = (
				04F7CF291EF66CD60005859C /* 123Bay */,
				04F7CF281EF66CD60005859C /* Products */,
				FAA15A768A989F364A3923AA /* Pods */,
				238A5EFDCF6003954D8CDD5E /* Frameworks */,
			);
			sourceTree = "<group>";
		};
		04F7CF281EF66CD60005859C /* Products */ = {
			isa = PBXGroup;
			children = (
				04F7CF271EF66CD60005859C /* 123Bay.app */,
			);
			name = Products;
			sourceTree = "<group>";
		};
		04F7CF291EF66CD60005859C /* 123Bay */ = {
			isa = PBXGroup;
			children = (
				04F7CF2A1EF66CD60005859C /* AppDelegate.swift */,
				04F7CF2C1EF66CD60005859C /* ViewController.swift */,
				04F7CF2E1EF66CD60005859C /* Main.storyboard */,
				04F7CF311EF66CD60005859C /* Assets.xcassets */,
				04F7CF331EF66CD60005859C /* LaunchScreen.storyboard */,
				04F7CF361EF66CD60005859C /* Info.plist */,
			);
			path = 123Bay;
			sourceTree = "<group>";
		};
		238A5EFDCF6003954D8CDD5E /* Frameworks */ = {
			isa = PBXGroup;
			children = (
				A281E8DC8F6BC61F9ED191EF /* Pods_123Bay.framework */,
			);
			name = Frameworks;
			sourceTree = "<group>";
		};
		FAA15A768A989F364A3923AA /* Pods */ = {
			isa = PBXGroup;
			children = (
				3412B6B552F94D82A2FBC98A /* Pods-123Bay.debug.xcconfig */,
				D4C76ADEBF6D3B210D89DF6A /* Pods-123Bay.release.xcconfig */,
			);
			name = Pods;
			sourceTree = "<group>";
		};
/* End PBXGroup section */

/* Begin PBXNativeTarget section */
		04F7CF261EF66CD60005859C /* 123Bay */ = {
			isa = PBXNativeTarget;
			buildConfigurationList = 04F7CF391EF66CD60005859C /* Build configuration list for PBXNativeTarget "123Bay" */;
			buildPhases = (
				1090111E1F23F9DE7A24CAA5 /* [CP] Check Pods Manifest.lock */,
				04F7CF231EF66CD60005859C /* Sources */,
				04F7CF241EF66CD60005859C /* Frameworks */,
				04F7CF251EF66CD60005859C /* Resources */,
				17DCB63EBC93AF20846B8E66 /* [CP] Embed Pods Frameworks */,
				CA02598D58EDD7D808C30102 /* [CP] Copy Pods Resources */,
			);
			buildRules = (
			);
			dependencies = (
			);
			name = 123Bay;
			productName = 123Bay;
			productReference = 04F7CF271EF66CD60005859C /* 123Bay.app */;
			productType = "com.apple.product-type.application";
		};
/* End PBXNativeTarget section */

/* Begin PBXProject section */
		04F7CF1F1EF66CD60005859C /* Project object */ = {
			isa = PBXProject;
			attributes = {
				LastSwiftUpdateCheck = 0830;
				LastUpgradeCheck = 0830;
				ORGANIZATIONNAME = 123bay;
				TargetAttributes = {
					04F7CF261EF66CD60005859C = {
						CreatedOnToolsVersion = 8.3.3;
						ProvisioningStyle = Automatic;
					};
				};
			};
			buildConfigurationList = 04F7CF221EF66CD60005859C /* Build configuration list for PBXProject "123Bay" */;
			compatibilityVersion = "Xcode 3.2";
			developmentRegion = English;
			hasScannedForEncodings = 0;
			knownRegions = (
				en,
				Base,
			);
			mainGroup = 04F7CF1E1EF66CD60005859C;
			productRefGroup = 04F7CF281EF66CD60005859C /* Products */;
			projectDirPath = "";
			projectRoot = "";
			targets = (
				04F7CF261EF66CD60005859C /* 123Bay */,
			);
		};
/* End PBXProject section */

/* Begin PBXResourcesBuildPhase section */
		04F7CF251EF66CD60005859C /* Resources */ = {
			isa = PBXResourcesBuildPhase;
			buildActionMask = 2147483647;
			files = (
				04F7CF351EF66CD60005859C /* LaunchScreen.storyboard in Resources */,
				04F7CF321EF66CD60005859C /* Assets.xcassets in Resources */,
				04F7CF301EF66CD60005859C /* Main.storyboard in Resources */,
			);
			runOnlyForDeploymentPostprocessing = 0;
		};
/* End PBXResourcesBuildPhase section */

/* Begin PBXShellScriptBuildPhase section */
		1090111E1F23F9DE7A24CAA5 /* [CP] Check Pods Manifest.lock */ = {
			isa = PBXShellScriptBuildPhase;
			buildActionMask = 2147483647;
			files = (
			);
			inputPaths = (
			);
			name = "[CP] Check Pods Manifest.lock";
			outputPaths = (
			);
			runOnlyForDeploymentPostprocessing = 0;
			shellPath = /bin/sh;
			shellScript = "diff \"${PODS_PODFILE_DIR_PATH}/Podfile.lock\" \"${PODS_ROOT}/Manifest.lock\" > /dev/null\nif [ $? != 0 ] ; then\n    # print error to STDERR\n    echo \"error: The sandbox is not in sync with the Podfile.lock. Run 'pod install' or update your CocoaPods installation.\" >&2\n    exit 1\nfi\n";
			showEnvVarsInLog = 0;
		};
		17DCB63EBC93AF20846B8E66 /* [CP] Embed Pods Frameworks */ = {
			isa = PBXShellScriptBuildPhase;
			buildActionMask = 2147483647;
			files = (
			);
			inputPaths = (
			);
			name = "[CP] Embed Pods Frameworks";
			outputPaths = (
			);
			runOnlyForDeploymentPostprocessing = 0;
			shellPath = /bin/sh;
			shellScript = "\"${SRCROOT}/Pods/Target Support Files/Pods-123Bay/Pods-123Bay-frameworks.sh\"\n";
			showEnvVarsInLog = 0;
		};
		CA02598D58EDD7D808C30102 /* [CP] Copy Pods Resources */ = {
			isa = PBXShellScriptBuildPhase;
			buildActionMask = 2147483647;
			files = (
			);
			inputPaths = (
			);
			name = "[CP] Copy Pods Resources";
			outputPaths = (
			);
			runOnlyForDeploymentPostprocessing = 0;
			shellPath = /bin/sh;
			shellScript = "\"${SRCROOT}/Pods/Target Support Files/Pods-123Bay/Pods-123Bay-resources.sh\"\n";
			showEnvVarsInLog = 0;
		};
/* End PBXShellScriptBuildPhase section */

/* Begin PBXSourcesBuildPhase section */
		04F7CF231EF66CD60005859C /* Sources */ = {
			isa = PBXSourcesBuildPhase;
			buildActionMask = 2147483647;
			files = (
				04F7CF2D1EF66CD60005859C /* ViewController.swift in Sources */,
				04F7CF2B1EF66CD60005859C /* AppDelegate.swift in Sources */,
			);
			runOnlyForDeploymentPostprocessing = 0;
		};
/* End PBXSourcesBuildPhase section */

/* Begin PBXVariantGroup section */
		04F7CF2E1EF66CD60005859C /* Main.storyboard */ = {
			isa = PBXVariantGroup;
			children = (
				04F7CF2F1EF66CD60005859C /* Base */,
			);
			name = Main.storyboard;
			sourceTree = "<group>";
		};
		04F7CF331EF66CD60005859C /* LaunchScreen.storyboard */ = {
			isa = PBXVariantGroup;
			children = (
				04F7CF341EF66CD60005859C /* Base */,
			);
			name = LaunchScreen.storyboard;
			sourceTree = "<group>";
		};
/* End PBXVariantGroup section */

/* Begin XCBuildConfiguration section */
		04F7CF371EF66CD60005859C /* Debug */ = {
			isa = XCBuildConfiguration;
			buildSettings = {
				ALWAYS_SEARCH_USER_PATHS = NO;
				CLANG_ANALYZER_NONNULL = YES;
				CLANG_ANALYZER_NUMBER_OBJECT_CONVERSION = YES_AGGRESSIVE;
				CLANG_CXX_LANGUAGE_STANDARD = "gnu++0x";
				CLANG_CXX_LIBRARY = "libc++";
				CLANG_ENABLE_MODULES = YES;
				CLANG_ENABLE_OBJC_ARC = YES;
				CLANG_WARN_BOOL_CONVERSION = YES;
				CLANG_WARN_CONSTANT_CONVERSION = YES;
				CLANG_WARN_DIRECT_OBJC_ISA_USAGE = YES_ERROR;
				CLANG_WARN_DOCUMENTATION_COMMENTS = YES;
				CLANG_WARN_EMPTY_BODY = YES;
				CLANG_WARN_ENUM_CONVERSION = YES;
				CLANG_WARN_INFINITE_RECURSION = YES;
				CLANG_WARN_INT_CONVERSION = YES;
				CLANG_WARN_OBJC_ROOT_CLASS = YES_ERROR;
				CLANG_WARN_SUSPICIOUS_MOVE = YES;
				CLANG_WARN_UNREACHABLE_CODE = YES;
				CLANG_WARN__DUPLICATE_METHOD_MATCH = YES;
				"CODE_SIGN_IDENTITY[sdk=iphoneos*]" = "iPhone Developer";
				COPY_PHASE_STRIP = NO;
				DEBUG_INFORMATION_FORMAT = dwarf;
				ENABLE_STRICT_OBJC_MSGSEND = YES;
				ENABLE_TESTABILITY = YES;
				GCC_C_LANGUAGE_STANDARD = gnu99;
				GCC_DYNAMIC_NO_PIC = NO;
				GCC_NO_COMMON_BLOCKS = YES;
				GCC_OPTIMIZATION_LEVEL = 0;
				GCC_PREPROCESSOR_DEFINITIONS = (
					"DEBUG=1",
					"$(inherited)",
				);
				GCC_WARN_64_TO_32_BIT_CONVERSION = YES;
				GCC_WARN_ABOUT_RETURN_TYPE = YES_ERROR;
				GCC_WARN_UNDECLARED_SELECTOR = YES;
				GCC_WARN_UNINITIALIZED_AUTOS = YES_AGGRESSIVE;
				GCC_WARN_UNUSED_FUNCTION = YES;
				GCC_WARN_UNUSED_VARIABLE = YES;
				IPHONEOS_DEPLOYMENT_TARGET = 10.3;
				MTL_ENABLE_DEBUG_INFO = YES;
				ONLY_ACTIVE_ARCH = YES;
				SDKROOT = iphoneos;
				SWIFT_ACTIVE_COMPILATION_CONDITIONS = DEBUG;
				SWIFT_OPTIMIZATION_LEVEL = "-Onone";
				TARGETED_DEVICE_FAMILY = "1,2";
			};
			name = Debug;
		};
		04F7CF381EF66CD60005859C /* Release */ = {
			isa = XCBuildConfiguration;
			buildSettings = {
				ALWAYS_SEARCH_USER_PATHS = NO;
				CLANG_ANALYZER_NONNULL = YES;
				CLANG_ANALYZER_NUMBER_OBJECT_CONVERSION = YES_AGGRESSIVE;
				CLANG_CXX_LANGUAGE_STANDARD = "gnu++0x";
				CLANG_CXX_LIBRARY = "libc++";
				CLANG_ENABLE_MODULES = YES;
				CLANG_ENABLE_OBJC_ARC = YES;
				CLANG_WARN_BOOL_CONVERSION = YES;
				CLANG_WARN_CONSTANT_CONVERSION = YES;
				CLANG_WARN_DIRECT_OBJC_ISA_USAGE = YES_ERROR;
				CLANG_WARN_DOCUMENTATION_COMMENTS = YES;
				CLANG_WARN_EMPTY_BODY = YES;
				CLANG_WARN_ENUM_CONVERSION = YES;
				CLANG_WARN_INFINITE_RECURSION = YES;
				CLANG_WARN_INT_CONVERSION = YES;
				CLANG_WARN_OBJC_ROOT_CLASS = YES_ERROR;
				CLANG_WARN_SUSPICIOUS_MOVE = YES;
				CLANG_WARN_UNREACHABLE_CODE = YES;
				CLANG_WARN__DUPLICATE_METHOD_MATCH = YES;
				"CODE_SIGN_IDENTITY[sdk=iphoneos*]" = "iPhone Developer";
				COPY_PHASE_STRIP = NO;
				DEBUG_INFORMATION_FORMAT = "dwarf-with-dsym";
				ENABLE_NS_ASSERTIONS = NO;
				ENABLE_STRICT_OBJC_MSGSEND = YES;
				GCC_C_LANGUAGE_STANDARD = gnu99;
				GCC_NO_COMMON_BLOCKS = YES;
				GCC_WARN_64_TO_32_BIT_CONVERSION = YES;
				GCC_WARN_ABOUT_RETURN_TYPE = YES_ERROR;
				GCC_WARN_UNDECLARED_SELECTOR = YES;
				GCC_WARN_UNINITIALIZED_AUTOS = YES_AGGRESSIVE;
				GCC_WARN_UNUSED_FUNCTION = YES;
				GCC_WARN_UNUSED_VARIABLE = YES;
				IPHONEOS_DEPLOYMENT_TARGET = 10.3;
				MTL_ENABLE_DEBUG_INFO = NO;
				SDKROOT = iphoneos;
				SWIFT_OPTIMIZATION_LEVEL = "-Owholemodule";
				TARGETED_DEVICE_FAMILY = "1,2";
				VALIDATE_PRODUCT = YES;
			};
			name = Release;
		};
		04F7CF3A1EF66CD60005859C /* Debug */ = {
			isa = XCBuildConfiguration;
			baseConfigurationReference = 3412B6B552F94D82A2FBC98A /* Pods-123Bay.debug.xcconfig */;
			buildSettings = {
				ASSETCATALOG_COMPILER_APPICON_NAME = AppIcon;
				INFOPLIST_FILE = 123Bay/Info.plist;
				LD_RUNPATH_SEARCH_PATHS = "$(inherited) @executable_path/Frameworks";
				PRODUCT_BUNDLE_IDENTIFIER = "-23bay.-23Bay";
				PRODUCT_NAME = "$(TARGET_NAME)";
				SWIFT_VERSION = 3.0;
			};
			name = Debug;
		};
		04F7CF3B1EF66CD60005859C /* Release */ = {
			isa = XCBuildConfiguration;
			baseConfigurationReference = D4C76ADEBF6D3B210D89DF6A /* Pods-123Bay.release.xcconfig */;
			buildSettings = {
				ASSETCATALOG_COMPILER_APPICON_NAME = AppIcon;
				INFOPLIST_FILE = 123Bay/Info.plist;
				LD_RUNPATH_SEARCH_PATHS = "$(inherited) @executable_path/Frameworks";
				PRODUCT_BUNDLE_IDENTIFIER = "-23bay.-23Bay";
				PRODUCT_NAME = "$(TARGET_NAME)";
				SWIFT_VERSION = 3.0;
			};
			name = Release;
		};
/* End XCBuildConfiguration section */

/* Begin XCConfigurationList section */
		04F7CF221EF66CD60005859C /* Build configuration list for PBXProject "123Bay" */ = {
			isa = XCConfigurationList;
			buildConfigurations = (
				04F7CF371EF66CD60005859C /* Debug */,
				04F7CF381EF66CD60005859C /* Release */,
			);
			defaultConfigurationIsVisible = 0;
			defaultConfigurationName = Release;
		};
		04F7CF391EF66CD60005859C /* Build configuration list for PBXNativeTarget "123Bay" */ = {
			isa = XCConfigurationList;
			buildConfigurations = (
				04F7CF3A1EF66CD60005859C /* Debug */,
				04F7CF3B1EF66CD60005859C /* Release */,
			);
			defaultConfigurationIsVisible = 0;
		};
/* End XCConfigurationList section */
	};
	rootObject = 04F7CF1F1EF66CD60005859C /* Project object */;
}
