// !$*UTF8*$!
{
	archiveVersion = 1;
	classes = {
	};
	objectVersion = 46;
	objects = {

/* Begin PBXBuildFile section */
		0358E789E2D5087474B12B8E /* Pods_123Bay.framework in Frameworks */ = {isa = PBXBuildFile; fileRef = A281E8DC8F6BC61F9ED191EF /* Pods_123Bay.framework */; };
		047F92A81EF67E3800D9916B /* BaseAlertViewController.swift in Sources */ = {isa = PBXBuildFile; fileRef = 047F92A71EF67E3800D9916B /* BaseAlertViewController.swift */; };
		047F92AB1EF67EA600D9916B /* ContentOptionsCollectionViewCell.swift in Sources */ = {isa = PBXBuildFile; fileRef = 047F92AA1EF67EA600D9916B /* ContentOptionsCollectionViewCell.swift */; };
		047F92AD1EF67EAC00D9916B /* DisplayOptionsForListFlightsView.swift in Sources */ = {isa = PBXBuildFile; fileRef = 047F92AC1EF67EAC00D9916B /* DisplayOptionsForListFlightsView.swift */; };
		047F92AF1EF67EB300D9916B /* InformationFlightTableViewCell.swift in Sources */ = {isa = PBXBuildFile; fileRef = 047F92AE1EF67EB300D9916B /* InformationFlightTableViewCell.swift */; };
		047F92B11EF67EB900D9916B /* InformationSearchView.swift in Sources */ = {isa = PBXBuildFile; fileRef = 047F92B01EF67EB900D9916B /* InformationSearchView.swift */; };
		047F92B41EF67F1500D9916B /* FilterOptionsCheckBoxTableViewCell.swift in Sources */ = {isa = PBXBuildFile; fileRef = 047F92B31EF67F1500D9916B /* FilterOptionsCheckBoxTableViewCell.swift */; };
		047F92B61EF67F1C00D9916B /* FilterOptionsPriceRangeTableViewCell.swift in Sources */ = {isa = PBXBuildFile; fileRef = 047F92B51EF67F1C00D9916B /* FilterOptionsPriceRangeTableViewCell.swift */; };
		047F92B81EF67F2500D9916B /* FilterOptionsViewController.swift in Sources */ = {isa = PBXBuildFile; fileRef = 047F92B71EF67F2500D9916B /* FilterOptionsViewController.swift */; };
		047F92BB1EF67F4E00D9916B /* ChangeDateOptionsAlertController.swift in Sources */ = {isa = PBXBuildFile; fileRef = 047F92BA1EF67F4E00D9916B /* ChangeDateOptionsAlertController.swift */; };
		047F92BD1EF67F5200D9916B /* ChangeDateOptionsCollectionViewCell.swift in Sources */ = {isa = PBXBuildFile; fileRef = 047F92BC1EF67F5200D9916B /* ChangeDateOptionsCollectionViewCell.swift */; };
		047F92BF1EF67F5700D9916B /* ChangeDateOptionsContentCellView.swift in Sources */ = {isa = PBXBuildFile; fileRef = 047F92BE1EF67F5700D9916B /* ChangeDateOptionsContentCellView.swift */; };
		047F92C11EF67F5D00D9916B /* ChangeDateOptionsView.swift in Sources */ = {isa = PBXBuildFile; fileRef = 047F92C01EF67F5D00D9916B /* ChangeDateOptionsView.swift */; };
		047F92C41EF67F9700D9916B /* ArrangeOptionsAlertViewController.swift in Sources */ = {isa = PBXBuildFile; fileRef = 047F92C31EF67F9700D9916B /* ArrangeOptionsAlertViewController.swift */; };
		047F92C61EF67F9D00D9916B /* ArrangeOptionsTableViewCell.swift in Sources */ = {isa = PBXBuildFile; fileRef = 047F92C51EF67F9D00D9916B /* ArrangeOptionsTableViewCell.swift */; };
		047F92C81EF67FA300D9916B /* ArrangeOptionsView.swift in Sources */ = {isa = PBXBuildFile; fileRef = 047F92C71EF67FA300D9916B /* ArrangeOptionsView.swift */; };
		047F92CB1EF67FF200D9916B /* LoadingView.swift in Sources */ = {isa = PBXBuildFile; fileRef = 047F92CA1EF67FF200D9916B /* LoadingView.swift */; };
		047F92CD1EF6803400D9916B /* Icon.swift in Sources */ = {isa = PBXBuildFile; fileRef = 047F92CC1EF6803400D9916B /* Icon.swift */; };
		047F92D01EF6808E00D9916B /* ListFlightsViewController.swift in Sources */ = {isa = PBXBuildFile; fileRef = 047F92CF1EF6808E00D9916B /* ListFlightsViewController.swift */; };
		047F92D31EF680A600D9916B /* LoadingViewController.swift in Sources */ = {isa = PBXBuildFile; fileRef = 047F92D21EF680A600D9916B /* LoadingViewController.swift */; };
		047F92D51EF680DA00D9916B /* UILabel.swift in Sources */ = {isa = PBXBuildFile; fileRef = 047F92D41EF680DA00D9916B /* UILabel.swift */; };
		047F92D81EF6810700D9916B /* Dimension.swift in Sources */ = {isa = PBXBuildFile; fileRef = 047F92D71EF6810700D9916B /* Dimension.swift */; };
		047F92DA1EF6810D00D9916B /* Theme.swift in Sources */ = {isa = PBXBuildFile; fileRef = 047F92D91EF6810D00D9916B /* Theme.swift */; };
		04F7CF2B1EF66CD60005859C /* AppDelegate.swift in Sources */ = {isa = PBXBuildFile; fileRef = 04F7CF2A1EF66CD60005859C /* AppDelegate.swift */; };
		04F7CF351EF66CD60005859C /* LaunchScreen.storyboard in Resources */ = {isa = PBXBuildFile; fileRef = 04F7CF331EF66CD60005859C /* LaunchScreen.storyboard */; };
		22D978281EF674B000865459 /* InfoFlight.swift in Sources */ = {isa = PBXBuildFile; fileRef = 22D978231EF674B000865459 /* InfoFlight.swift */; };
		22D978291EF674B000865459 /* Ticket.swift in Sources */ = {isa = PBXBuildFile; fileRef = 22D978241EF674B000865459 /* Ticket.swift */; };
		22D9782A1EF674B000865459 /* TypeClass.swift in Sources */ = {isa = PBXBuildFile; fileRef = 22D978251EF674B000865459 /* TypeClass.swift */; };
		22D9782B1EF674B000865459 /* TypePassenger.swift in Sources */ = {isa = PBXBuildFile; fileRef = 22D978261EF674B000865459 /* TypePassenger.swift */; };
		22D9782C1EF674B000865459 /* UserInfoTicket.swift in Sources */ = {isa = PBXBuildFile; fileRef = 22D978271EF674B000865459 /* UserInfoTicket.swift */; };
		22D978301EF6751B00865459 /* NetworkClient.swift in Sources */ = {isa = PBXBuildFile; fileRef = 22D9782F1EF6751B00865459 /* NetworkClient.swift */; };
		22D978351EF6757F00865459 /* ScreenTypeExtensions.swift in Sources */ = {isa = PBXBuildFile; fileRef = 22D978321EF6757F00865459 /* ScreenTypeExtensions.swift */; };
		22D978361EF6757F00865459 /* UIColor.swift in Sources */ = {isa = PBXBuildFile; fileRef = 22D978331EF6757F00865459 /* UIColor.swift */; };
		22D978371EF6757F00865459 /* UIFont.swift in Sources */ = {isa = PBXBuildFile; fileRef = 22D978341EF6757F00865459 /* UIFont.swift */; };
		22D9783C1EF675BD00865459 /* ExtensionHomeViewController.swift in Sources */ = {isa = PBXBuildFile; fileRef = 22D9783A1EF675BD00865459 /* ExtensionHomeViewController.swift */; };
		22D9783D1EF675BD00865459 /* HomeViewController.swift in Sources */ = {isa = PBXBuildFile; fileRef = 22D9783B1EF675BD00865459 /* HomeViewController.swift */; };
		22D978401EF675D800865459 /* SettingMenuController.swift in Sources */ = {isa = PBXBuildFile; fileRef = 22D9783F1EF675D800865459 /* SettingMenuController.swift */; };
		22D978441EF675F700865459 /* ExtensionFindFlightController.swift in Sources */ = {isa = PBXBuildFile; fileRef = 22D978421EF675F700865459 /* ExtensionFindFlightController.swift */; };
		22D978451EF675F700865459 /* FindFlightController.swift in Sources */ = {isa = PBXBuildFile; fileRef = 22D978431EF675F700865459 /* FindFlightController.swift */; };
		22D978481EF6761400865459 /* TypeClassController.swift in Sources */ = {isa = PBXBuildFile; fileRef = 22D978471EF6761400865459 /* TypeClassController.swift */; };
		22D9784B1EF6762A00865459 /* ChooseFlightController.swift in Sources */ = {isa = PBXBuildFile; fileRef = 22D9784A1EF6762A00865459 /* ChooseFlightController.swift */; };
		22D9784E1EF6764600865459 /* ChooseNumberPassengerController.swift in Sources */ = {isa = PBXBuildFile; fileRef = 22D9784D1EF6764600865459 /* ChooseNumberPassengerController.swift */; };
		22D978551EF6768100865459 /* BaseCollectionViewCell.swift in Sources */ = {isa = PBXBuildFile; fileRef = 22D978511EF6768100865459 /* BaseCollectionViewCell.swift */; };
		22D978561EF6768100865459 /* BaseTableViewCell.swift in Sources */ = {isa = PBXBuildFile; fileRef = 22D978521EF6768100865459 /* BaseTableViewCell.swift */; };
		22D978571EF6768100865459 /* BaseUIView.swift in Sources */ = {isa = PBXBuildFile; fileRef = 22D978531EF6768100865459 /* BaseUIView.swift */; };
		22D978581EF6768100865459 /* BaseViewController.swift in Sources */ = {isa = PBXBuildFile; fileRef = 22D978541EF6768100865459 /* BaseViewController.swift */; };
		22D9785B1EF676AC00865459 /* BarButtonItem.swift in Sources */ = {isa = PBXBuildFile; fileRef = 22D9785A1EF676AC00865459 /* BarButtonItem.swift */; };
		22D9785F1EF676C400865459 /* BottomMenuBar.swift in Sources */ = {isa = PBXBuildFile; fileRef = 22D9785D1EF676C400865459 /* BottomMenuBar.swift */; };
		22D978601EF676C400865459 /* BottomMenuBarCell.swift in Sources */ = {isa = PBXBuildFile; fileRef = 22D9785E1EF676C400865459 /* BottomMenuBarCell.swift */; };
		22D978651EF676E300865459 /* SettingCell.swift in Sources */ = {isa = PBXBuildFile; fileRef = 22D978621EF676E300865459 /* SettingCell.swift */; };
		22D978661EF676E300865459 /* SettingCellWithLine.swift in Sources */ = {isa = PBXBuildFile; fileRef = 22D978631EF676E300865459 /* SettingCellWithLine.swift */; };
		22D978671EF676E300865459 /* SettingHeadercell.swift in Sources */ = {isa = PBXBuildFile; fileRef = 22D978641EF676E300865459 /* SettingHeadercell.swift */; };
		22D9786D1EF676FB00865459 /* BannerCollectionViewCell.swift in Sources */ = {isa = PBXBuildFile; fileRef = 22D978691EF676FB00865459 /* BannerCollectionViewCell.swift */; };
		22D9786E1EF676FB00865459 /* MainMenuCollectionViewcell.swift in Sources */ = {isa = PBXBuildFile; fileRef = 22D9786A1EF676FB00865459 /* MainMenuCollectionViewcell.swift */; };
		22D9786F1EF676FB00865459 /* MenuButtonCell.swift in Sources */ = {isa = PBXBuildFile; fileRef = 22D9786B1EF676FB00865459 /* MenuButtonCell.swift */; };
		22D978701EF676FB00865459 /* SlideImageCell.swift in Sources */ = {isa = PBXBuildFile; fileRef = 22D9786C1EF676FB00865459 /* SlideImageCell.swift */; };
		22D978781EF6771600865459 /* BaseFindFlightCell.swift in Sources */ = {isa = PBXBuildFile; fileRef = 22D978721EF6771600865459 /* BaseFindFlightCell.swift */; };
		22D978791EF6771600865459 /* FindFlightDateBackCell.swift in Sources */ = {isa = PBXBuildFile; fileRef = 22D978731EF6771600865459 /* FindFlightDateBackCell.swift */; };
		22D9787A1EF6771600865459 /* FindFlightDateCell.swift in Sources */ = {isa = PBXBuildFile; fileRef = 22D978741EF6771600865459 /* FindFlightDateCell.swift */; };
		22D9787B1EF6771600865459 /* FindFlightPersonCell.swift in Sources */ = {isa = PBXBuildFile; fileRef = 22D978751EF6771600865459 /* FindFlightPersonCell.swift */; };
		22D9787C1EF6771600865459 /* FindFlightSwitchCell.swift in Sources */ = {isa = PBXBuildFile; fileRef = 22D978761EF6771600865459 /* FindFlightSwitchCell.swift */; };
		22D9787D1EF6771600865459 /* FindFlightTextCell.swift in Sources */ = {isa = PBXBuildFile; fileRef = 22D978771EF6771600865459 /* FindFlightTextCell.swift */; };
		22D978811EF6773900865459 /* TypeClassCell.swift in Sources */ = {isa = PBXBuildFile; fileRef = 22D9787F1EF6773900865459 /* TypeClassCell.swift */; };
		22D978821EF6773900865459 /* TypeClassView.swift in Sources */ = {isa = PBXBuildFile; fileRef = 22D978801EF6773900865459 /* TypeClassView.swift */; };
		22D978861EF6775700865459 /* ChooseFlightCell.swift in Sources */ = {isa = PBXBuildFile; fileRef = 22D978841EF6775700865459 /* ChooseFlightCell.swift */; };
		22D978871EF6775700865459 /* ChooseFlightHeader.swift in Sources */ = {isa = PBXBuildFile; fileRef = 22D978851EF6775700865459 /* ChooseFlightHeader.swift */; };
		22D9788D1EF6776C00865459 /* PassengerView.swift in Sources */ = {isa = PBXBuildFile; fileRef = 22D978891EF6776C00865459 /* PassengerView.swift */; };
		22D9788E1EF6776C00865459 /* PickerChoosePassengerCell.swift in Sources */ = {isa = PBXBuildFile; fileRef = 22D9788A1EF6776C00865459 /* PickerChoosePassengerCell.swift */; };
		22D9788F1EF6776C00865459 /* TitleChoosePassengerCell.swift in Sources */ = {isa = PBXBuildFile; fileRef = 22D9788B1EF6776C00865459 /* TitleChoosePassengerCell.swift */; };
		22D978901EF6776C00865459 /* TitleDetailCell.swift in Sources */ = {isa = PBXBuildFile; fileRef = 22D9788C1EF6776C00865459 /* TitleDetailCell.swift */; };
		22D978921EF67B9F00865459 /* Assets.xcassets in Resources */ = {isa = PBXBuildFile; fileRef = 22D978911EF67B9F00865459 /* Assets.xcassets */; };
/* End PBXBuildFile section */

/* Begin PBXFileReference section */
		047F92A71EF67E3800D9916B /* BaseAlertViewController.swift */ = {isa = PBXFileReference; fileEncoding = 4; lastKnownFileType = sourcecode.swift; path = BaseAlertViewController.swift; sourceTree = "<group>"; };
		047F92AA1EF67EA600D9916B /* ContentOptionsCollectionViewCell.swift */ = {isa = PBXFileReference; fileEncoding = 4; lastKnownFileType = sourcecode.swift; path = ContentOptionsCollectionViewCell.swift; sourceTree = "<group>"; };
		047F92AC1EF67EAC00D9916B /* DisplayOptionsForListFlightsView.swift */ = {isa = PBXFileReference; fileEncoding = 4; lastKnownFileType = sourcecode.swift; path = DisplayOptionsForListFlightsView.swift; sourceTree = "<group>"; };
		047F92AE1EF67EB300D9916B /* InformationFlightTableViewCell.swift */ = {isa = PBXFileReference; fileEncoding = 4; lastKnownFileType = sourcecode.swift; path = InformationFlightTableViewCell.swift; sourceTree = "<group>"; };
		047F92B01EF67EB900D9916B /* InformationSearchView.swift */ = {isa = PBXFileReference; fileEncoding = 4; lastKnownFileType = sourcecode.swift; path = InformationSearchView.swift; sourceTree = "<group>"; };
		047F92B31EF67F1500D9916B /* FilterOptionsCheckBoxTableViewCell.swift */ = {isa = PBXFileReference; fileEncoding = 4; lastKnownFileType = sourcecode.swift; path = FilterOptionsCheckBoxTableViewCell.swift; sourceTree = "<group>"; };
		047F92B51EF67F1C00D9916B /* FilterOptionsPriceRangeTableViewCell.swift */ = {isa = PBXFileReference; fileEncoding = 4; lastKnownFileType = sourcecode.swift; path = FilterOptionsPriceRangeTableViewCell.swift; sourceTree = "<group>"; };
		047F92B71EF67F2500D9916B /* FilterOptionsViewController.swift */ = {isa = PBXFileReference; fileEncoding = 4; lastKnownFileType = sourcecode.swift; path = FilterOptionsViewController.swift; sourceTree = "<group>"; };
		047F92BA1EF67F4E00D9916B /* ChangeDateOptionsAlertController.swift */ = {isa = PBXFileReference; fileEncoding = 4; lastKnownFileType = sourcecode.swift; path = ChangeDateOptionsAlertController.swift; sourceTree = "<group>"; };
		047F92BC1EF67F5200D9916B /* ChangeDateOptionsCollectionViewCell.swift */ = {isa = PBXFileReference; fileEncoding = 4; lastKnownFileType = sourcecode.swift; path = ChangeDateOptionsCollectionViewCell.swift; sourceTree = "<group>"; };
		047F92BE1EF67F5700D9916B /* ChangeDateOptionsContentCellView.swift */ = {isa = PBXFileReference; fileEncoding = 4; lastKnownFileType = sourcecode.swift; path = ChangeDateOptionsContentCellView.swift; sourceTree = "<group>"; };
		047F92C01EF67F5D00D9916B /* ChangeDateOptionsView.swift */ = {isa = PBXFileReference; fileEncoding = 4; lastKnownFileType = sourcecode.swift; path = ChangeDateOptionsView.swift; sourceTree = "<group>"; };
		047F92C31EF67F9700D9916B /* ArrangeOptionsAlertViewController.swift */ = {isa = PBXFileReference; fileEncoding = 4; lastKnownFileType = sourcecode.swift; path = ArrangeOptionsAlertViewController.swift; sourceTree = "<group>"; };
		047F92C51EF67F9D00D9916B /* ArrangeOptionsTableViewCell.swift */ = {isa = PBXFileReference; fileEncoding = 4; lastKnownFileType = sourcecode.swift; path = ArrangeOptionsTableViewCell.swift; sourceTree = "<group>"; };
		047F92C71EF67FA300D9916B /* ArrangeOptionsView.swift */ = {isa = PBXFileReference; fileEncoding = 4; lastKnownFileType = sourcecode.swift; path = ArrangeOptionsView.swift; sourceTree = "<group>"; };
		047F92CA1EF67FF200D9916B /* LoadingView.swift */ = {isa = PBXFileReference; fileEncoding = 4; lastKnownFileType = sourcecode.swift; path = LoadingView.swift; sourceTree = "<group>"; };
		047F92CC1EF6803400D9916B /* Icon.swift */ = {isa = PBXFileReference; fileEncoding = 4; lastKnownFileType = sourcecode.swift; path = Icon.swift; sourceTree = "<group>"; };
		047F92CF1EF6808E00D9916B /* ListFlightsViewController.swift */ = {isa = PBXFileReference; fileEncoding = 4; lastKnownFileType = sourcecode.swift; path = ListFlightsViewController.swift; sourceTree = "<group>"; };
		047F92D21EF680A600D9916B /* LoadingViewController.swift */ = {isa = PBXFileReference; fileEncoding = 4; lastKnownFileType = sourcecode.swift; path = LoadingViewController.swift; sourceTree = "<group>"; };
		047F92D41EF680DA00D9916B /* UILabel.swift */ = {isa = PBXFileReference; fileEncoding = 4; lastKnownFileType = sourcecode.swift; path = UILabel.swift; sourceTree = "<group>"; };
		047F92D71EF6810700D9916B /* Dimension.swift */ = {isa = PBXFileReference; fileEncoding = 4; lastKnownFileType = sourcecode.swift; path = Dimension.swift; sourceTree = "<group>"; };
		047F92D91EF6810D00D9916B /* Theme.swift */ = {isa = PBXFileReference; fileEncoding = 4; lastKnownFileType = sourcecode.swift; path = Theme.swift; sourceTree = "<group>"; };
		04F7CF271EF66CD60005859C /* 123Bay.app */ = {isa = PBXFileReference; explicitFileType = wrapper.application; includeInIndex = 0; path = 123Bay.app; sourceTree = BUILT_PRODUCTS_DIR; };
		04F7CF2A1EF66CD60005859C /* AppDelegate.swift */ = {isa = PBXFileReference; lastKnownFileType = sourcecode.swift; path = AppDelegate.swift; sourceTree = "<group>"; };
		04F7CF341EF66CD60005859C /* Base */ = {isa = PBXFileReference; lastKnownFileType = file.storyboard; name = Base; path = Base.lproj/LaunchScreen.storyboard; sourceTree = "<group>"; };
		04F7CF361EF66CD60005859C /* Info.plist */ = {isa = PBXFileReference; lastKnownFileType = text.plist.xml; path = Info.plist; sourceTree = "<group>"; };
		22D978231EF674B000865459 /* InfoFlight.swift */ = {isa = PBXFileReference; fileEncoding = 4; lastKnownFileType = sourcecode.swift; path = InfoFlight.swift; sourceTree = "<group>"; };
		22D978241EF674B000865459 /* Ticket.swift */ = {isa = PBXFileReference; fileEncoding = 4; lastKnownFileType = sourcecode.swift; path = Ticket.swift; sourceTree = "<group>"; };
		22D978251EF674B000865459 /* TypeClass.swift */ = {isa = PBXFileReference; fileEncoding = 4; lastKnownFileType = sourcecode.swift; path = TypeClass.swift; sourceTree = "<group>"; };
		22D978261EF674B000865459 /* TypePassenger.swift */ = {isa = PBXFileReference; fileEncoding = 4; lastKnownFileType = sourcecode.swift; path = TypePassenger.swift; sourceTree = "<group>"; };
		22D978271EF674B000865459 /* UserInfoTicket.swift */ = {isa = PBXFileReference; fileEncoding = 4; lastKnownFileType = sourcecode.swift; path = UserInfoTicket.swift; sourceTree = "<group>"; };
		22D9782F1EF6751B00865459 /* NetworkClient.swift */ = {isa = PBXFileReference; fileEncoding = 4; lastKnownFileType = sourcecode.swift; path = NetworkClient.swift; sourceTree = "<group>"; };
		22D978321EF6757F00865459 /* ScreenTypeExtensions.swift */ = {isa = PBXFileReference; fileEncoding = 4; lastKnownFileType = sourcecode.swift; path = ScreenTypeExtensions.swift; sourceTree = "<group>"; };
		22D978331EF6757F00865459 /* UIColor.swift */ = {isa = PBXFileReference; fileEncoding = 4; lastKnownFileType = sourcecode.swift; path = UIColor.swift; sourceTree = "<group>"; };
		22D978341EF6757F00865459 /* UIFont.swift */ = {isa = PBXFileReference; fileEncoding = 4; lastKnownFileType = sourcecode.swift; path = UIFont.swift; sourceTree = "<group>"; };
		22D9783A1EF675BD00865459 /* ExtensionHomeViewController.swift */ = {isa = PBXFileReference; fileEncoding = 4; lastKnownFileType = sourcecode.swift; path = ExtensionHomeViewController.swift; sourceTree = "<group>"; };
		22D9783B1EF675BD00865459 /* HomeViewController.swift */ = {isa = PBXFileReference; fileEncoding = 4; lastKnownFileType = sourcecode.swift; path = HomeViewController.swift; sourceTree = "<group>"; };
		22D9783F1EF675D800865459 /* SettingMenuController.swift */ = {isa = PBXFileReference; fileEncoding = 4; lastKnownFileType = sourcecode.swift; path = SettingMenuController.swift; sourceTree = "<group>"; };
		22D978421EF675F700865459 /* ExtensionFindFlightController.swift */ = {isa = PBXFileReference; fileEncoding = 4; lastKnownFileType = sourcecode.swift; path = ExtensionFindFlightController.swift; sourceTree = "<group>"; };
		22D978431EF675F700865459 /* FindFlightController.swift */ = {isa = PBXFileReference; fileEncoding = 4; lastKnownFileType = sourcecode.swift; path = FindFlightController.swift; sourceTree = "<group>"; };
		22D978471EF6761400865459 /* TypeClassController.swift */ = {isa = PBXFileReference; fileEncoding = 4; lastKnownFileType = sourcecode.swift; path = TypeClassController.swift; sourceTree = "<group>"; };
		22D9784A1EF6762A00865459 /* ChooseFlightController.swift */ = {isa = PBXFileReference; fileEncoding = 4; lastKnownFileType = sourcecode.swift; path = ChooseFlightController.swift; sourceTree = "<group>"; };
		22D9784D1EF6764600865459 /* ChooseNumberPassengerController.swift */ = {isa = PBXFileReference; fileEncoding = 4; lastKnownFileType = sourcecode.swift; path = ChooseNumberPassengerController.swift; sourceTree = "<group>"; };
		22D978511EF6768100865459 /* BaseCollectionViewCell.swift */ = {isa = PBXFileReference; fileEncoding = 4; lastKnownFileType = sourcecode.swift; path = BaseCollectionViewCell.swift; sourceTree = "<group>"; };
		22D978521EF6768100865459 /* BaseTableViewCell.swift */ = {isa = PBXFileReference; fileEncoding = 4; lastKnownFileType = sourcecode.swift; path = BaseTableViewCell.swift; sourceTree = "<group>"; };
		22D978531EF6768100865459 /* BaseUIView.swift */ = {isa = PBXFileReference; fileEncoding = 4; lastKnownFileType = sourcecode.swift; path = BaseUIView.swift; sourceTree = "<group>"; };
		22D978541EF6768100865459 /* BaseViewController.swift */ = {isa = PBXFileReference; fileEncoding = 4; lastKnownFileType = sourcecode.swift; path = BaseViewController.swift; sourceTree = "<group>"; };
		22D9785A1EF676AC00865459 /* BarButtonItem.swift */ = {isa = PBXFileReference; fileEncoding = 4; lastKnownFileType = sourcecode.swift; path = BarButtonItem.swift; sourceTree = "<group>"; };
		22D9785D1EF676C400865459 /* BottomMenuBar.swift */ = {isa = PBXFileReference; fileEncoding = 4; lastKnownFileType = sourcecode.swift; path = BottomMenuBar.swift; sourceTree = "<group>"; };
		22D9785E1EF676C400865459 /* BottomMenuBarCell.swift */ = {isa = PBXFileReference; fileEncoding = 4; lastKnownFileType = sourcecode.swift; path = BottomMenuBarCell.swift; sourceTree = "<group>"; };
		22D978621EF676E300865459 /* SettingCell.swift */ = {isa = PBXFileReference; fileEncoding = 4; lastKnownFileType = sourcecode.swift; path = SettingCell.swift; sourceTree = "<group>"; };
		22D978631EF676E300865459 /* SettingCellWithLine.swift */ = {isa = PBXFileReference; fileEncoding = 4; lastKnownFileType = sourcecode.swift; path = SettingCellWithLine.swift; sourceTree = "<group>"; };
		22D978641EF676E300865459 /* SettingHeadercell.swift */ = {isa = PBXFileReference; fileEncoding = 4; lastKnownFileType = sourcecode.swift; path = SettingHeadercell.swift; sourceTree = "<group>"; };
		22D978691EF676FB00865459 /* BannerCollectionViewCell.swift */ = {isa = PBXFileReference; fileEncoding = 4; lastKnownFileType = sourcecode.swift; path = BannerCollectionViewCell.swift; sourceTree = "<group>"; };
		22D9786A1EF676FB00865459 /* MainMenuCollectionViewcell.swift */ = {isa = PBXFileReference; fileEncoding = 4; lastKnownFileType = sourcecode.swift; path = MainMenuCollectionViewcell.swift; sourceTree = "<group>"; };
		22D9786B1EF676FB00865459 /* MenuButtonCell.swift */ = {isa = PBXFileReference; fileEncoding = 4; lastKnownFileType = sourcecode.swift; path = MenuButtonCell.swift; sourceTree = "<group>"; };
		22D9786C1EF676FB00865459 /* SlideImageCell.swift */ = {isa = PBXFileReference; fileEncoding = 4; lastKnownFileType = sourcecode.swift; path = SlideImageCell.swift; sourceTree = "<group>"; };
		22D978721EF6771600865459 /* BaseFindFlightCell.swift */ = {isa = PBXFileReference; fileEncoding = 4; lastKnownFileType = sourcecode.swift; path = BaseFindFlightCell.swift; sourceTree = "<group>"; };
		22D978731EF6771600865459 /* FindFlightDateBackCell.swift */ = {isa = PBXFileReference; fileEncoding = 4; lastKnownFileType = sourcecode.swift; path = FindFlightDateBackCell.swift; sourceTree = "<group>"; };
		22D978741EF6771600865459 /* FindFlightDateCell.swift */ = {isa = PBXFileReference; fileEncoding = 4; lastKnownFileType = sourcecode.swift; path = FindFlightDateCell.swift; sourceTree = "<group>"; };
		22D978751EF6771600865459 /* FindFlightPersonCell.swift */ = {isa = PBXFileReference; fileEncoding = 4; lastKnownFileType = sourcecode.swift; path = FindFlightPersonCell.swift; sourceTree = "<group>"; };
		22D978761EF6771600865459 /* FindFlightSwitchCell.swift */ = {isa = PBXFileReference; fileEncoding = 4; lastKnownFileType = sourcecode.swift; path = FindFlightSwitchCell.swift; sourceTree = "<group>"; };
		22D978771EF6771600865459 /* FindFlightTextCell.swift */ = {isa = PBXFileReference; fileEncoding = 4; lastKnownFileType = sourcecode.swift; path = FindFlightTextCell.swift; sourceTree = "<group>"; };
		22D9787F1EF6773900865459 /* TypeClassCell.swift */ = {isa = PBXFileReference; fileEncoding = 4; lastKnownFileType = sourcecode.swift; path = TypeClassCell.swift; sourceTree = "<group>"; };
		22D978801EF6773900865459 /* TypeClassView.swift */ = {isa = PBXFileReference; fileEncoding = 4; lastKnownFileType = sourcecode.swift; path = TypeClassView.swift; sourceTree = "<group>"; };
		22D978841EF6775700865459 /* ChooseFlightCell.swift */ = {isa = PBXFileReference; fileEncoding = 4; lastKnownFileType = sourcecode.swift; path = ChooseFlightCell.swift; sourceTree = "<group>"; };
		22D978851EF6775700865459 /* ChooseFlightHeader.swift */ = {isa = PBXFileReference; fileEncoding = 4; lastKnownFileType = sourcecode.swift; path = ChooseFlightHeader.swift; sourceTree = "<group>"; };
		22D978891EF6776C00865459 /* PassengerView.swift */ = {isa = PBXFileReference; fileEncoding = 4; lastKnownFileType = sourcecode.swift; path = PassengerView.swift; sourceTree = "<group>"; };
		22D9788A1EF6776C00865459 /* PickerChoosePassengerCell.swift */ = {isa = PBXFileReference; fileEncoding = 4; lastKnownFileType = sourcecode.swift; path = PickerChoosePassengerCell.swift; sourceTree = "<group>"; };
		22D9788B1EF6776C00865459 /* TitleChoosePassengerCell.swift */ = {isa = PBXFileReference; fileEncoding = 4; lastKnownFileType = sourcecode.swift; path = TitleChoosePassengerCell.swift; sourceTree = "<group>"; };
		22D9788C1EF6776C00865459 /* TitleDetailCell.swift */ = {isa = PBXFileReference; fileEncoding = 4; lastKnownFileType = sourcecode.swift; path = TitleDetailCell.swift; sourceTree = "<group>"; };
		22D978911EF67B9F00865459 /* Assets.xcassets */ = {isa = PBXFileReference; lastKnownFileType = folder.assetcatalog; path = Assets.xcassets; sourceTree = "<group>"; };
		3412B6B552F94D82A2FBC98A /* Pods-123Bay.debug.xcconfig */ = {isa = PBXFileReference; includeInIndex = 1; lastKnownFileType = text.xcconfig; name = "Pods-123Bay.debug.xcconfig"; path = "Pods/Target Support Files/Pods-123Bay/Pods-123Bay.debug.xcconfig"; sourceTree = "<group>"; };
		A281E8DC8F6BC61F9ED191EF /* Pods_123Bay.framework */ = {isa = PBXFileReference; explicitFileType = wrapper.framework; includeInIndex = 0; path = Pods_123Bay.framework; sourceTree = BUILT_PRODUCTS_DIR; };
		D4C76ADEBF6D3B210D89DF6A /* Pods-123Bay.release.xcconfig */ = {isa = PBXFileReference; includeInIndex = 1; lastKnownFileType = text.xcconfig; name = "Pods-123Bay.release.xcconfig"; path = "Pods/Target Support Files/Pods-123Bay/Pods-123Bay.release.xcconfig"; sourceTree = "<group>"; };
/* End PBXFileReference section */

/* Begin PBXFrameworksBuildPhase section */
		04F7CF241EF66CD60005859C /* Frameworks */ = {
			isa = PBXFrameworksBuildPhase;
			buildActionMask = 2147483647;
			files = (
				0358E789E2D5087474B12B8E /* Pods_123Bay.framework in Frameworks */,
			);
			runOnlyForDeploymentPostprocessing = 0;
		};
/* End PBXFrameworksBuildPhase section */

/* Begin PBXGroup section */
		047F92A91EF67E9900D9916B /* ListFlights */ = {
			isa = PBXGroup;
			children = (
				047F92C21EF67F8F00D9916B /* ArrangeOption */,
				047F92B91EF67F4700D9916B /* ChangeDateOption */,
				047F92B21EF67F0200D9916B /* FilterOption */,
				047F92B01EF67EB900D9916B /* InformationSearchView.swift */,
				047F92AE1EF67EB300D9916B /* InformationFlightTableViewCell.swift */,
				047F92AC1EF67EAC00D9916B /* DisplayOptionsForListFlightsView.swift */,
				047F92AA1EF67EA600D9916B /* ContentOptionsCollectionViewCell.swift */,
			);
			path = ListFlights;
			sourceTree = "<group>";
		};
		047F92B21EF67F0200D9916B /* FilterOption */ = {
			isa = PBXGroup;
			children = (
				047F92B71EF67F2500D9916B /* FilterOptionsViewController.swift */,
				047F92B51EF67F1C00D9916B /* FilterOptionsPriceRangeTableViewCell.swift */,
				047F92B31EF67F1500D9916B /* FilterOptionsCheckBoxTableViewCell.swift */,
			);
			path = FilterOption;
			sourceTree = "<group>";
		};
		047F92B91EF67F4700D9916B /* ChangeDateOption */ = {
			isa = PBXGroup;
			children = (
				047F92C01EF67F5D00D9916B /* ChangeDateOptionsView.swift */,
				047F92BE1EF67F5700D9916B /* ChangeDateOptionsContentCellView.swift */,
				047F92BC1EF67F5200D9916B /* ChangeDateOptionsCollectionViewCell.swift */,
				047F92BA1EF67F4E00D9916B /* ChangeDateOptionsAlertController.swift */,
			);
			path = ChangeDateOption;
			sourceTree = "<group>";
		};
		047F92C21EF67F8F00D9916B /* ArrangeOption */ = {
			isa = PBXGroup;
			children = (
				047F92C71EF67FA300D9916B /* ArrangeOptionsView.swift */,
				047F92C31EF67F9700D9916B /* ArrangeOptionsAlertViewController.swift */,
				047F92C51EF67F9D00D9916B /* ArrangeOptionsTableViewCell.swift */,
			);
			path = ArrangeOption;
			sourceTree = "<group>";
		};
		047F92C91EF67FEA00D9916B /* Loading */ = {
			isa = PBXGroup;
			children = (
				047F92CA1EF67FF200D9916B /* LoadingView.swift */,
			);
			path = Loading;
			sourceTree = "<group>";
		};
		047F92CE1EF6808600D9916B /* ListFlights */ = {
			isa = PBXGroup;
			children = (
				047F92CF1EF6808E00D9916B /* ListFlightsViewController.swift */,
			);
			path = ListFlights;
			sourceTree = "<group>";
		};
		047F92D11EF6809F00D9916B /* Loading */ = {
			isa = PBXGroup;
			children = (
				047F92D21EF680A600D9916B /* LoadingViewController.swift */,
			);
			path = Loading;
			sourceTree = "<group>";
		};
		047F92D61EF6810000D9916B /* Styles */ = {
			isa = PBXGroup;
			children = (
				047F92D91EF6810D00D9916B /* Theme.swift */,
				047F92D71EF6810700D9916B /* Dimension.swift */,
			);
			path = Styles;
			sourceTree = "<group>";
		};
		04F7CF1E1EF66CD60005859C = {
			isa = PBXGroup;
			children = (
				04F7CF291EF66CD60005859C /* 123Bay */,
				04F7CF281EF66CD60005859C /* Products */,
				FAA15A768A989F364A3923AA /* Pods */,
				238A5EFDCF6003954D8CDD5E /* Frameworks */,
			);
			sourceTree = "<group>";
		};
		04F7CF281EF66CD60005859C /* Products */ = {
			isa = PBXGroup;
			children = (
				04F7CF271EF66CD60005859C /* 123Bay.app */,
			);
			name = Products;
			sourceTree = "<group>";
		};
		04F7CF291EF66CD60005859C /* 123Bay */ = {
			isa = PBXGroup;
			children = (
				22D978201EF6742100865459 /* Support */,
				22D978221EF6747F00865459 /* Models */,
				22D9782D1EF674EC00865459 /* Common */,
				22D978311EF6755D00865459 /* Extensions */,
				22D978381EF6759C00865459 /* Features */,
				22D9784F1EF6766200865459 /* Views */,
				04F7CF2A1EF66CD60005859C /* AppDelegate.swift */,
				04F7CF331EF66CD60005859C /* LaunchScreen.storyboard */,
				04F7CF361EF66CD60005859C /* Info.plist */,
			);
			path = 123Bay;
			sourceTree = "<group>";
		};
		22D978201EF6742100865459 /* Support */ = {
			isa = PBXGroup;
			children = (
				22D978911EF67B9F00865459 /* Assets.xcassets */,
			);
			path = Support;
			sourceTree = "<group>";
		};
		22D978221EF6747F00865459 /* Models */ = {
			isa = PBXGroup;
			children = (
				047F92CC1EF6803400D9916B /* Icon.swift */,
				22D978231EF674B000865459 /* InfoFlight.swift */,
				22D978241EF674B000865459 /* Ticket.swift */,
				22D978251EF674B000865459 /* TypeClass.swift */,
				22D978261EF674B000865459 /* TypePassenger.swift */,
				22D978271EF674B000865459 /* UserInfoTicket.swift */,
			);
			name = Models;
			path = Model;
			sourceTree = "<group>";
		};
		22D9782D1EF674EC00865459 /* Common */ = {
			isa = PBXGroup;
			children = (
				047F92D61EF6810000D9916B /* Styles */,
				22D9782E1EF6750400865459 /* Network */,
			);
			path = Common;
			sourceTree = "<group>";
		};
		22D9782E1EF6750400865459 /* Network */ = {
			isa = PBXGroup;
			children = (
				22D9782F1EF6751B00865459 /* NetworkClient.swift */,
			);
			path = Network;
			sourceTree = "<group>";
		};
		22D978311EF6755D00865459 /* Extensions */ = {
			isa = PBXGroup;
			children = (
				047F92D41EF680DA00D9916B /* UILabel.swift */,
				22D978321EF6757F00865459 /* ScreenTypeExtensions.swift */,
				22D978331EF6757F00865459 /* UIColor.swift */,
				22D978341EF6757F00865459 /* UIFont.swift */,
			);
			path = Extensions;
			sourceTree = "<group>";
		};
		22D978381EF6759C00865459 /* Features */ = {
			isa = PBXGroup;
			children = (
				047F92D11EF6809F00D9916B /* Loading */,
				047F92CE1EF6808600D9916B /* ListFlights */,
				22D9784C1EF6763A00865459 /* ChooseNumberPassenger */,
				22D978491EF6762100865459 /* ChooseFlight */,
				22D978461EF6760A00865459 /* TypeClass */,
				22D978411EF675ED00865459 /* FindFlight */,
				22D9783E1EF675D000865459 /* SettingMenu */,
				22D978391EF675AF00865459 /* Home */,
			);
			path = Features;
			sourceTree = "<group>";
		};
		22D978391EF675AF00865459 /* Home */ = {
			isa = PBXGroup;
			children = (
				22D9783A1EF675BD00865459 /* ExtensionHomeViewController.swift */,
				22D9783B1EF675BD00865459 /* HomeViewController.swift */,
			);
			path = Home;
			sourceTree = "<group>";
		};
		22D9783E1EF675D000865459 /* SettingMenu */ = {
			isa = PBXGroup;
			children = (
				22D9783F1EF675D800865459 /* SettingMenuController.swift */,
			);
			path = SettingMenu;
			sourceTree = "<group>";
		};
		22D978411EF675ED00865459 /* FindFlight */ = {
			isa = PBXGroup;
			children = (
				22D978421EF675F700865459 /* ExtensionFindFlightController.swift */,
				22D978431EF675F700865459 /* FindFlightController.swift */,
			);
			path = FindFlight;
			sourceTree = "<group>";
		};
		22D978461EF6760A00865459 /* TypeClass */ = {
			isa = PBXGroup;
			children = (
				22D978471EF6761400865459 /* TypeClassController.swift */,
			);
			path = TypeClass;
			sourceTree = "<group>";
		};
		22D978491EF6762100865459 /* ChooseFlight */ = {
			isa = PBXGroup;
			children = (
				22D9784A1EF6762A00865459 /* ChooseFlightController.swift */,
			);
			path = ChooseFlight;
			sourceTree = "<group>";
		};
		22D9784C1EF6763A00865459 /* ChooseNumberPassenger */ = {
			isa = PBXGroup;
			children = (
				22D9784D1EF6764600865459 /* ChooseNumberPassengerController.swift */,
			);
			path = ChooseNumberPassenger;
			sourceTree = "<group>";
		};
		22D9784F1EF6766200865459 /* Views */ = {
			isa = PBXGroup;
			children = (
				047F92C91EF67FEA00D9916B /* Loading */,
				047F92A91EF67E9900D9916B /* ListFlights */,
				22D978501EF6767300865459 /* Base */,
				22D978591EF676A500865459 /* BarButton */,
				22D9785C1EF676BE00865459 /* BottomMenuBar */,
				22D978611EF676D200865459 /* SettingMenu */,
				22D978681EF676ED00865459 /* Home */,
				22D978711EF6770A00865459 /* FindFlight */,
				22D9787E1EF6772600865459 /* TypeClass */,
				22D978831EF6775000865459 /* ChooseFlight */,
				22D978881EF6776400865459 /* ChooseNumberPassenger */,
			);
			path = Views;
			sourceTree = "<group>";
		};
		22D978501EF6767300865459 /* Base */ = {
			isa = PBXGroup;
			children = (
				047F92A71EF67E3800D9916B /* BaseAlertViewController.swift */,
				22D978511EF6768100865459 /* BaseCollectionViewCell.swift */,
				22D978521EF6768100865459 /* BaseTableViewCell.swift */,
				22D978531EF6768100865459 /* BaseUIView.swift */,
				22D978541EF6768100865459 /* BaseViewController.swift */,
			);
			path = Base;
			sourceTree = "<group>";
		};
		22D978591EF676A500865459 /* BarButton */ = {
			isa = PBXGroup;
			children = (
				22D9785A1EF676AC00865459 /* BarButtonItem.swift */,
			);
			path = BarButton;
			sourceTree = "<group>";
		};
		22D9785C1EF676BE00865459 /* BottomMenuBar */ = {
			isa = PBXGroup;
			children = (
				22D9785D1EF676C400865459 /* BottomMenuBar.swift */,
				22D9785E1EF676C400865459 /* BottomMenuBarCell.swift */,
			);
			path = BottomMenuBar;
			sourceTree = "<group>";
		};
		22D978611EF676D200865459 /* SettingMenu */ = {
			isa = PBXGroup;
			children = (
				22D978621EF676E300865459 /* SettingCell.swift */,
				22D978631EF676E300865459 /* SettingCellWithLine.swift */,
				22D978641EF676E300865459 /* SettingHeadercell.swift */,
			);
			path = SettingMenu;
			sourceTree = "<group>";
		};
		22D978681EF676ED00865459 /* Home */ = {
			isa = PBXGroup;
			children = (
				22D978691EF676FB00865459 /* BannerCollectionViewCell.swift */,
				22D9786A1EF676FB00865459 /* MainMenuCollectionViewcell.swift */,
				22D9786B1EF676FB00865459 /* MenuButtonCell.swift */,
				22D9786C1EF676FB00865459 /* SlideImageCell.swift */,
			);
			path = Home;
			sourceTree = "<group>";
		};
		22D978711EF6770A00865459 /* FindFlight */ = {
			isa = PBXGroup;
			children = (
				22D978721EF6771600865459 /* BaseFindFlightCell.swift */,
				22D978731EF6771600865459 /* FindFlightDateBackCell.swift */,
				22D978741EF6771600865459 /* FindFlightDateCell.swift */,
				22D978751EF6771600865459 /* FindFlightPersonCell.swift */,
				22D978761EF6771600865459 /* FindFlightSwitchCell.swift */,
				22D978771EF6771600865459 /* FindFlightTextCell.swift */,
			);
			path = FindFlight;
			sourceTree = "<group>";
		};
		22D9787E1EF6772600865459 /* TypeClass */ = {
			isa = PBXGroup;
			children = (
				22D9787F1EF6773900865459 /* TypeClassCell.swift */,
				22D978801EF6773900865459 /* TypeClassView.swift */,
			);
			path = TypeClass;
			sourceTree = "<group>";
		};
		22D978831EF6775000865459 /* ChooseFlight */ = {
			isa = PBXGroup;
			children = (
				22D978841EF6775700865459 /* ChooseFlightCell.swift */,
				22D978851EF6775700865459 /* ChooseFlightHeader.swift */,
			);
			path = ChooseFlight;
			sourceTree = "<group>";
		};
		22D978881EF6776400865459 /* ChooseNumberPassenger */ = {
			isa = PBXGroup;
			children = (
				22D978891EF6776C00865459 /* PassengerView.swift */,
				22D9788A1EF6776C00865459 /* PickerChoosePassengerCell.swift */,
				22D9788B1EF6776C00865459 /* TitleChoosePassengerCell.swift */,
				22D9788C1EF6776C00865459 /* TitleDetailCell.swift */,
			);
			path = ChooseNumberPassenger;
			sourceTree = "<group>";
		};
		238A5EFDCF6003954D8CDD5E /* Frameworks */ = {
			isa = PBXGroup;
			children = (
				A281E8DC8F6BC61F9ED191EF /* Pods_123Bay.framework */,
			);
			name = Frameworks;
			sourceTree = "<group>";
		};
		FAA15A768A989F364A3923AA /* Pods */ = {
			isa = PBXGroup;
			children = (
				3412B6B552F94D82A2FBC98A /* Pods-123Bay.debug.xcconfig */,
				D4C76ADEBF6D3B210D89DF6A /* Pods-123Bay.release.xcconfig */,
			);
			name = Pods;
			sourceTree = "<group>";
		};
/* End PBXGroup section */

/* Begin PBXNativeTarget section */
		04F7CF261EF66CD60005859C /* 123Bay */ = {
			isa = PBXNativeTarget;
			buildConfigurationList = 04F7CF391EF66CD60005859C /* Build configuration list for PBXNativeTarget "123Bay" */;
			buildPhases = (
				1090111E1F23F9DE7A24CAA5 /* [CP] Check Pods Manifest.lock */,
				04F7CF231EF66CD60005859C /* Sources */,
				04F7CF241EF66CD60005859C /* Frameworks */,
				04F7CF251EF66CD60005859C /* Resources */,
				17DCB63EBC93AF20846B8E66 /* [CP] Embed Pods Frameworks */,
				CA02598D58EDD7D808C30102 /* [CP] Copy Pods Resources */,
			);
			buildRules = (
			);
			dependencies = (
			);
			name = 123Bay;
			productName = 123Bay;
			productReference = 04F7CF271EF66CD60005859C /* 123Bay.app */;
			productType = "com.apple.product-type.application";
		};
/* End PBXNativeTarget section */

/* Begin PBXProject section */
		04F7CF1F1EF66CD60005859C /* Project object */ = {
			isa = PBXProject;
			attributes = {
				LastSwiftUpdateCheck = 0830;
				LastUpgradeCheck = 0830;
				ORGANIZATIONNAME = 123bay;
				TargetAttributes = {
					04F7CF261EF66CD60005859C = {
						CreatedOnToolsVersion = 8.3.3;
						ProvisioningStyle = Automatic;
					};
				};
			};
			buildConfigurationList = 04F7CF221EF66CD60005859C /* Build configuration list for PBXProject "123Bay" */;
			compatibilityVersion = "Xcode 3.2";
			developmentRegion = English;
			hasScannedForEncodings = 0;
			knownRegions = (
				en,
				Base,
			);
			mainGroup = 04F7CF1E1EF66CD60005859C;
			productRefGroup = 04F7CF281EF66CD60005859C /* Products */;
			projectDirPath = "";
			projectRoot = "";
			targets = (
				04F7CF261EF66CD60005859C /* 123Bay */,
			);
		};
/* End PBXProject section */

/* Begin PBXResourcesBuildPhase section */
		04F7CF251EF66CD60005859C /* Resources */ = {
			isa = PBXResourcesBuildPhase;
			buildActionMask = 2147483647;
			files = (
				22D978921EF67B9F00865459 /* Assets.xcassets in Resources */,
				04F7CF351EF66CD60005859C /* LaunchScreen.storyboard in Resources */,
			);
			runOnlyForDeploymentPostprocessing = 0;
		};
/* End PBXResourcesBuildPhase section */

/* Begin PBXShellScriptBuildPhase section */
		1090111E1F23F9DE7A24CAA5 /* [CP] Check Pods Manifest.lock */ = {
			isa = PBXShellScriptBuildPhase;
			buildActionMask = 2147483647;
			files = (
			);
			inputPaths = (
			);
			name = "[CP] Check Pods Manifest.lock";
			outputPaths = (
			);
			runOnlyForDeploymentPostprocessing = 0;
			shellPath = /bin/sh;
			shellScript = "diff \"${PODS_PODFILE_DIR_PATH}/Podfile.lock\" \"${PODS_ROOT}/Manifest.lock\" > /dev/null\nif [ $? != 0 ] ; then\n    # print error to STDERR\n    echo \"error: The sandbox is not in sync with the Podfile.lock. Run 'pod install' or update your CocoaPods installation.\" >&2\n    exit 1\nfi\n";
			showEnvVarsInLog = 0;
		};
		17DCB63EBC93AF20846B8E66 /* [CP] Embed Pods Frameworks */ = {
			isa = PBXShellScriptBuildPhase;
			buildActionMask = 2147483647;
			files = (
			);
			inputPaths = (
			);
			name = "[CP] Embed Pods Frameworks";
			outputPaths = (
			);
			runOnlyForDeploymentPostprocessing = 0;
			shellPath = /bin/sh;
			shellScript = "\"${SRCROOT}/Pods/Target Support Files/Pods-123Bay/Pods-123Bay-frameworks.sh\"\n";
			showEnvVarsInLog = 0;
		};
		CA02598D58EDD7D808C30102 /* [CP] Copy Pods Resources */ = {
			isa = PBXShellScriptBuildPhase;
			buildActionMask = 2147483647;
			files = (
			);
			inputPaths = (
			);
			name = "[CP] Copy Pods Resources";
			outputPaths = (
			);
			runOnlyForDeploymentPostprocessing = 0;
			shellPath = /bin/sh;
			shellScript = "\"${SRCROOT}/Pods/Target Support Files/Pods-123Bay/Pods-123Bay-resources.sh\"\n";
			showEnvVarsInLog = 0;
		};
/* End PBXShellScriptBuildPhase section */

/* Begin PBXSourcesBuildPhase section */
		04F7CF231EF66CD60005859C /* Sources */ = {
			isa = PBXSourcesBuildPhase;
			buildActionMask = 2147483647;
			files = (
				22D9782C1EF674B000865459 /* UserInfoTicket.swift in Sources */,
				047F92A81EF67E3800D9916B /* BaseAlertViewController.swift in Sources */,
				22D978821EF6773900865459 /* TypeClassView.swift in Sources */,
				22D978281EF674B000865459 /* InfoFlight.swift in Sources */,
				22D9788F1EF6776C00865459 /* TitleChoosePassengerCell.swift in Sources */,
				22D978571EF6768100865459 /* BaseUIView.swift in Sources */,
				047F92B11EF67EB900D9916B /* InformationSearchView.swift in Sources */,
				22D978701EF676FB00865459 /* SlideImageCell.swift in Sources */,
				22D9782B1EF674B000865459 /* TypePassenger.swift in Sources */,
				047F92C11EF67F5D00D9916B /* ChangeDateOptionsView.swift in Sources */,
				04F7CF2B1EF66CD60005859C /* AppDelegate.swift in Sources */,
				22D978781EF6771600865459 /* BaseFindFlightCell.swift in Sources */,
				047F92BD1EF67F5200D9916B /* ChangeDateOptionsCollectionViewCell.swift in Sources */,
				22D9787D1EF6771600865459 /* FindFlightTextCell.swift in Sources */,
				22D978661EF676E300865459 /* SettingCellWithLine.swift in Sources */,
				047F92B81EF67F2500D9916B /* FilterOptionsViewController.swift in Sources */,
				22D9785F1EF676C400865459 /* BottomMenuBar.swift in Sources */,
				22D978291EF674B000865459 /* Ticket.swift in Sources */,
				22D978371EF6757F00865459 /* UIFont.swift in Sources */,
				22D978871EF6775700865459 /* ChooseFlightHeader.swift in Sources */,
				22D978791EF6771600865459 /* FindFlightDateBackCell.swift in Sources */,
				22D9786F1EF676FB00865459 /* MenuButtonCell.swift in Sources */,
				22D978671EF676E300865459 /* SettingHeadercell.swift in Sources */,
				22D9786E1EF676FB00865459 /* MainMenuCollectionViewcell.swift in Sources */,
				22D9787B1EF6771600865459 /* FindFlightPersonCell.swift in Sources */,
				22D9782A1EF674B000865459 /* TypeClass.swift in Sources */,
				047F92B41EF67F1500D9916B /* FilterOptionsCheckBoxTableViewCell.swift in Sources */,
				22D9784B1EF6762A00865459 /* ChooseFlightController.swift in Sources */,
				22D9787A1EF6771600865459 /* FindFlightDateCell.swift in Sources */,
				047F92CB1EF67FF200D9916B /* LoadingView.swift in Sources */,
				047F92CD1EF6803400D9916B /* Icon.swift in Sources */,
				22D978561EF6768100865459 /* BaseTableViewCell.swift in Sources */,
				22D978451EF675F700865459 /* FindFlightController.swift in Sources */,
				047F92DA1EF6810D00D9916B /* Theme.swift in Sources */,
				047F92B61EF67F1C00D9916B /* FilterOptionsPriceRangeTableViewCell.swift in Sources */,
				22D978601EF676C400865459 /* BottomMenuBarCell.swift in Sources */,
				22D9788E1EF6776C00865459 /* PickerChoosePassengerCell.swift in Sources */,
				22D978441EF675F700865459 /* ExtensionFindFlightController.swift in Sources */,
				047F92D31EF680A600D9916B /* LoadingViewController.swift in Sources */,
				22D978551EF6768100865459 /* BaseCollectionViewCell.swift in Sources */,
				047F92D01EF6808E00D9916B /* ListFlightsViewController.swift in Sources */,
				047F92AD1EF67EAC00D9916B /* DisplayOptionsForListFlightsView.swift in Sources */,
				22D9788D1EF6776C00865459 /* PassengerView.swift in Sources */,
				22D9787C1EF6771600865459 /* FindFlightSwitchCell.swift in Sources */,
				22D978861EF6775700865459 /* ChooseFlightCell.swift in Sources */,
				047F92D81EF6810700D9916B /* Dimension.swift in Sources */,
				22D978581EF6768100865459 /* BaseViewController.swift in Sources */,
				047F92BB1EF67F4E00D9916B /* ChangeDateOptionsAlertController.swift in Sources */,
				047F92BF1EF67F5700D9916B /* ChangeDateOptionsContentCellView.swift in Sources */,
				22D978301EF6751B00865459 /* NetworkClient.swift in Sources */,
				22D9786D1EF676FB00865459 /* BannerCollectionViewCell.swift in Sources */,
				22D9785B1EF676AC00865459 /* BarButtonItem.swift in Sources */,
				22D978351EF6757F00865459 /* ScreenTypeExtensions.swift in Sources */,
				047F92C41EF67F9700D9916B /* ArrangeOptionsAlertViewController.swift in Sources */,
				22D978811EF6773900865459 /* TypeClassCell.swift in Sources */,
				047F92C61EF67F9D00D9916B /* ArrangeOptionsTableViewCell.swift in Sources */,
				047F92AF1EF67EB300D9916B /* InformationFlightTableViewCell.swift in Sources */,
				22D9784E1EF6764600865459 /* ChooseNumberPassengerController.swift in Sources */,
				22D978651EF676E300865459 /* SettingCell.swift in Sources */,
				22D978361EF6757F00865459 /* UIColor.swift in Sources */,
				047F92D51EF680DA00D9916B /* UILabel.swift in Sources */,
				22D978901EF6776C00865459 /* TitleDetailCell.swift in Sources */,
				22D978481EF6761400865459 /* TypeClassController.swift in Sources */,
				22D9783D1EF675BD00865459 /* HomeViewController.swift in Sources */,
				22D9783C1EF675BD00865459 /* ExtensionHomeViewController.swift in Sources */,
				047F92C81EF67FA300D9916B /* ArrangeOptionsView.swift in Sources */,
				22D978401EF675D800865459 /* SettingMenuController.swift in Sources */,
				047F92AB1EF67EA600D9916B /* ContentOptionsCollectionViewCell.swift in Sources */,
			);
			runOnlyForDeploymentPostprocessing = 0;
		};
/* End PBXSourcesBuildPhase section */

/* Begin PBXVariantGroup section */
		04F7CF331EF66CD60005859C /* LaunchScreen.storyboard */ = {
			isa = PBXVariantGroup;
			children = (
				04F7CF341EF66CD60005859C /* Base */,
			);
			name = LaunchScreen.storyboard;
			sourceTree = "<group>";
		};
/* End PBXVariantGroup section */

/* Begin XCBuildConfiguration section */
		04F7CF371EF66CD60005859C /* Debug */ = {
			isa = XCBuildConfiguration;
			buildSettings = {
				ALWAYS_SEARCH_USER_PATHS = NO;
				CLANG_ANALYZER_NONNULL = YES;
				CLANG_ANALYZER_NUMBER_OBJECT_CONVERSION = YES_AGGRESSIVE;
				CLANG_CXX_LANGUAGE_STANDARD = "gnu++0x";
				CLANG_CXX_LIBRARY = "libc++";
				CLANG_ENABLE_MODULES = YES;
				CLANG_ENABLE_OBJC_ARC = YES;
				CLANG_WARN_BOOL_CONVERSION = YES;
				CLANG_WARN_CONSTANT_CONVERSION = YES;
				CLANG_WARN_DIRECT_OBJC_ISA_USAGE = YES_ERROR;
				CLANG_WARN_DOCUMENTATION_COMMENTS = YES;
				CLANG_WARN_EMPTY_BODY = YES;
				CLANG_WARN_ENUM_CONVERSION = YES;
				CLANG_WARN_INFINITE_RECURSION = YES;
				CLANG_WARN_INT_CONVERSION = YES;
				CLANG_WARN_OBJC_ROOT_CLASS = YES_ERROR;
				CLANG_WARN_SUSPICIOUS_MOVE = YES;
				CLANG_WARN_UNREACHABLE_CODE = YES;
				CLANG_WARN__DUPLICATE_METHOD_MATCH = YES;
				"CODE_SIGN_IDENTITY[sdk=iphoneos*]" = "iPhone Developer";
				COPY_PHASE_STRIP = NO;
				DEBUG_INFORMATION_FORMAT = dwarf;
				ENABLE_STRICT_OBJC_MSGSEND = YES;
				ENABLE_TESTABILITY = YES;
				GCC_C_LANGUAGE_STANDARD = gnu99;
				GCC_DYNAMIC_NO_PIC = NO;
				GCC_NO_COMMON_BLOCKS = YES;
				GCC_OPTIMIZATION_LEVEL = 0;
				GCC_PREPROCESSOR_DEFINITIONS = (
					"DEBUG=1",
					"$(inherited)",
				);
				GCC_WARN_64_TO_32_BIT_CONVERSION = YES;
				GCC_WARN_ABOUT_RETURN_TYPE = YES_ERROR;
				GCC_WARN_UNDECLARED_SELECTOR = YES;
				GCC_WARN_UNINITIALIZED_AUTOS = YES_AGGRESSIVE;
				GCC_WARN_UNUSED_FUNCTION = YES;
				GCC_WARN_UNUSED_VARIABLE = YES;
				IPHONEOS_DEPLOYMENT_TARGET = 10.3;
				MTL_ENABLE_DEBUG_INFO = YES;
				ONLY_ACTIVE_ARCH = YES;
				SDKROOT = iphoneos;
				SWIFT_ACTIVE_COMPILATION_CONDITIONS = DEBUG;
				SWIFT_OPTIMIZATION_LEVEL = "-Onone";
				TARGETED_DEVICE_FAMILY = "1,2";
			};
			name = Debug;
		};
		04F7CF381EF66CD60005859C /* Release */ = {
			isa = XCBuildConfiguration;
			buildSettings = {
				ALWAYS_SEARCH_USER_PATHS = NO;
				CLANG_ANALYZER_NONNULL = YES;
				CLANG_ANALYZER_NUMBER_OBJECT_CONVERSION = YES_AGGRESSIVE;
				CLANG_CXX_LANGUAGE_STANDARD = "gnu++0x";
				CLANG_CXX_LIBRARY = "libc++";
				CLANG_ENABLE_MODULES = YES;
				CLANG_ENABLE_OBJC_ARC = YES;
				CLANG_WARN_BOOL_CONVERSION = YES;
				CLANG_WARN_CONSTANT_CONVERSION = YES;
				CLANG_WARN_DIRECT_OBJC_ISA_USAGE = YES_ERROR;
				CLANG_WARN_DOCUMENTATION_COMMENTS = YES;
				CLANG_WARN_EMPTY_BODY = YES;
				CLANG_WARN_ENUM_CONVERSION = YES;
				CLANG_WARN_INFINITE_RECURSION = YES;
				CLANG_WARN_INT_CONVERSION = YES;
				CLANG_WARN_OBJC_ROOT_CLASS = YES_ERROR;
				CLANG_WARN_SUSPICIOUS_MOVE = YES;
				CLANG_WARN_UNREACHABLE_CODE = YES;
				CLANG_WARN__DUPLICATE_METHOD_MATCH = YES;
				"CODE_SIGN_IDENTITY[sdk=iphoneos*]" = "iPhone Developer";
				COPY_PHASE_STRIP = NO;
				DEBUG_INFORMATION_FORMAT = "dwarf-with-dsym";
				ENABLE_NS_ASSERTIONS = NO;
				ENABLE_STRICT_OBJC_MSGSEND = YES;
				GCC_C_LANGUAGE_STANDARD = gnu99;
				GCC_NO_COMMON_BLOCKS = YES;
				GCC_WARN_64_TO_32_BIT_CONVERSION = YES;
				GCC_WARN_ABOUT_RETURN_TYPE = YES_ERROR;
				GCC_WARN_UNDECLARED_SELECTOR = YES;
				GCC_WARN_UNINITIALIZED_AUTOS = YES_AGGRESSIVE;
				GCC_WARN_UNUSED_FUNCTION = YES;
				GCC_WARN_UNUSED_VARIABLE = YES;
				IPHONEOS_DEPLOYMENT_TARGET = 10.3;
				MTL_ENABLE_DEBUG_INFO = NO;
				SDKROOT = iphoneos;
				SWIFT_OPTIMIZATION_LEVEL = "-Owholemodule";
				TARGETED_DEVICE_FAMILY = "1,2";
				VALIDATE_PRODUCT = YES;
			};
			name = Release;
		};
		04F7CF3A1EF66CD60005859C /* Debug */ = {
			isa = XCBuildConfiguration;
			baseConfigurationReference = 3412B6B552F94D82A2FBC98A /* Pods-123Bay.debug.xcconfig */;
			buildSettings = {
				ASSETCATALOG_COMPILER_APPICON_NAME = AppIcon;
				INFOPLIST_FILE = 123Bay/Info.plist;
				LD_RUNPATH_SEARCH_PATHS = "$(inherited) @executable_path/Frameworks";
				PRODUCT_BUNDLE_IDENTIFIER = "-23bay.-23Bay";
				PRODUCT_NAME = "$(TARGET_NAME)";
				SWIFT_VERSION = 3.0;
			};
			name = Debug;
		};
		04F7CF3B1EF66CD60005859C /* Release */ = {
			isa = XCBuildConfiguration;
			baseConfigurationReference = D4C76ADEBF6D3B210D89DF6A /* Pods-123Bay.release.xcconfig */;
			buildSettings = {
				ASSETCATALOG_COMPILER_APPICON_NAME = AppIcon;
				INFOPLIST_FILE = 123Bay/Info.plist;
				LD_RUNPATH_SEARCH_PATHS = "$(inherited) @executable_path/Frameworks";
				PRODUCT_BUNDLE_IDENTIFIER = "-23bay.-23Bay";
				PRODUCT_NAME = "$(TARGET_NAME)";
				SWIFT_VERSION = 3.0;
			};
			name = Release;
		};
/* End XCBuildConfiguration section */

/* Begin XCConfigurationList section */
		04F7CF221EF66CD60005859C /* Build configuration list for PBXProject "123Bay" */ = {
			isa = XCConfigurationList;
			buildConfigurations = (
				04F7CF371EF66CD60005859C /* Debug */,
				04F7CF381EF66CD60005859C /* Release */,
			);
			defaultConfigurationIsVisible = 0;
			defaultConfigurationName = Release;
		};
		04F7CF391EF66CD60005859C /* Build configuration list for PBXNativeTarget "123Bay" */ = {
			isa = XCConfigurationList;
			buildConfigurations = (
				04F7CF3A1EF66CD60005859C /* Debug */,
				04F7CF3B1EF66CD60005859C /* Release */,
			);
			defaultConfigurationIsVisible = 0;
			defaultConfigurationName = Release;
		};
/* End XCConfigurationList section */
	};
	rootObject = 04F7CF1F1EF66CD60005859C /* Project object */;
}
